
Microsoft Visual Studio Solution File, Format Version 12.00
# Visual Studio Version 17
VisualStudioVersion = 17.14.36408.4 d17.14
MinimumVisualStudioVersion = 10.0.40219.1
Project("{FAE04EC0-301F-11D3-BF4B-00C04F79EFBC}") = "YojigenPoint.Security", "YojigenPoint.Security\YojigenPoint.Security.csproj", "{9FC241C1-FFEE-4988-A795-40968282E915}"
EndProject
Project("{FAE04EC0-301F-11D3-BF4B-00C04F79EFBC}") = "YojigenPoint.Security.Tests", "YojigenPoint.Security.Tests\YojigenPoint.Security.Tests.csproj", "{8E4CCE71-CDD7-4ABA-AC41-C3EBEF320720}"
EndProject
Global
	GlobalSection(SolutionConfigurationPlatforms) = preSolution
		Debug|Any CPU = Debug|Any CPU
		Release|Any CPU = Release|Any CPU
	EndGlobalSection
	GlobalSection(ProjectConfigurationPlatforms) = postSolution
		{9FC241C1-FFEE-4988-A795-40968282E915}.Debug|Any CPU.ActiveCfg = Debug|Any CPU
		{9FC241C1-FFEE-4988-A795-40968282E915}.Debug|Any CPU.Build.0 = Debug|Any CPU
		{9FC241C1-FFEE-4988-A795-40968282E915}.Release|Any CPU.ActiveCfg = Release|Any CPU
		{9FC241C1-FFEE-4988-A795-40968282E915}.Release|Any CPU.Build.0 = Release|Any CPU
		{8E4CCE71-CDD7-4ABA-AC41-C3EBEF320720}.Debug|Any CPU.ActiveCfg = Debug|Any CPU
		{8E4CCE71-CDD7-4ABA-AC41-C3EBEF320720}.Debug|Any CPU.Build.0 = Debug|Any CPU
		{8E4CCE71-CDD7-4ABA-AC41-C3EBEF320720}.Release|Any CPU.ActiveCfg = Release|Any CPU
		{8E4CCE71-CDD7-4ABA-AC41-C3EBEF320720}.Release|Any CPU.Build.0 = Release|Any CPU
	EndGlobalSection
	GlobalSection(SolutionProperties) = preSolution
		HideSolutionNode = FALSE
	EndGlobalSection
	GlobalSection(ExtensibilityGlobals) = postSolution
		SolutionGuid = {78858643-53CF-486D-92BE-0646FDBAD2F5}
	EndGlobalSection
EndGlobal
